// !$*UTF8*$!
{
	archiveVersion = 1;
	classes = {
	};
	objectVersion = 46;
	objects = {

/* Begin PBXBuildFile section */
		17DDA7EF1DE98C08008C7097 /* AppDelegate.swift in Sources */ = {isa = PBXBuildFile; fileRef = 17DDA7EE1DE98C08008C7097 /* AppDelegate.swift */; };
		17DDA7F11DE98C08008C7097 /* ViewController.swift in Sources */ = {isa = PBXBuildFile; fileRef = 17DDA7F01DE98C08008C7097 /* ViewController.swift */; };
		17DDA7F41DE98C08008C7097 /* Main.storyboard in Resources */ = {isa = PBXBuildFile; fileRef = 17DDA7F21DE98C08008C7097 /* Main.storyboard */; };
		17DDA7F61DE98C08008C7097 /* Assets.xcassets in Resources */ = {isa = PBXBuildFile; fileRef = 17DDA7F51DE98C08008C7097 /* Assets.xcassets */; };
		17DDA7F91DE98C08008C7097 /* LaunchScreen.storyboard in Resources */ = {isa = PBXBuildFile; fileRef = 17DDA7F71DE98C08008C7097 /* LaunchScreen.storyboard */; };
		17DDA8041DE98C08008C7097 /* ShangPiniPadTests.swift in Sources */ = {isa = PBXBuildFile; fileRef = 17DDA8031DE98C08008C7097 /* ShangPiniPadTests.swift */; };
		17DDA80F1DE98C08008C7097 /* ShangPiniPadUITests.swift in Sources */ = {isa = PBXBuildFile; fileRef = 17DDA80E1DE98C08008C7097 /* ShangPiniPadUITests.swift */; };
		17DDA81F1DE98D8D008C7097 /* SPRootTabBarViewController.swift in Sources */ = {isa = PBXBuildFile; fileRef = 17DDA81E1DE98D8D008C7097 /* SPRootTabBarViewController.swift */; };
		17DDA8391DF34A89008C7097 /* SPViewController.swift in Sources */ = {isa = PBXBuildFile; fileRef = 17DDA8381DF34A89008C7097 /* SPViewController.swift */; };
		17DDA83B1DF34ACB008C7097 /* SPMainPageViewController.swift in Sources */ = {isa = PBXBuildFile; fileRef = 17DDA83A1DF34ACB008C7097 /* SPMainPageViewController.swift */; };
		17DDA84A1DF34C5D008C7097 /* SPCategoryViewController.swift in Sources */ = {isa = PBXBuildFile; fileRef = 17DDA8491DF34C5D008C7097 /* SPCategoryViewController.swift */; };
		17DDA84E1DF34CD9008C7097 /* SPActivityViewController.swift in Sources */ = {isa = PBXBuildFile; fileRef = 17DDA84D1DF34CD9008C7097 /* SPActivityViewController.swift */; };
		17DDA8541DF34D3A008C7097 /* SPBrandViewController.swift in Sources */ = {isa = PBXBuildFile; fileRef = 17DDA8531DF34D3A008C7097 /* SPBrandViewController.swift */; };
		17DDA8581DF34D6D008C7097 /* SPMineViewController.swift in Sources */ = {isa = PBXBuildFile; fileRef = 17DDA8571DF34D6D008C7097 /* SPMineViewController.swift */; };
		17DDA8661DF357F1008C7097 /* SPMainPageCollectionViewCell.swift in Sources */ = {isa = PBXBuildFile; fileRef = 17DDA8651DF357F1008C7097 /* SPMainPageCollectionViewCell.swift */; };
		C99CA8916532F3F7F6DE72DB /* Pods_ShangPiniPad.framework in Frameworks */ = {isa = PBXBuildFile; fileRef = 262DD7288976D6E4BEB73011 /* Pods_ShangPiniPad.framework */; };
/* End PBXBuildFile section */

/* Begin PBXContainerItemProxy section */
		17DDA8001DE98C08008C7097 /* PBXContainerItemProxy */ = {
			isa = PBXContainerItemProxy;
			containerPortal = 17DDA7E31DE98C08008C7097 /* Project object */;
			proxyType = 1;
			remoteGlobalIDString = 17DDA7EA1DE98C08008C7097;
			remoteInfo = ShangPiniPad;
		};
		17DDA80B1DE98C08008C7097 /* PBXContainerItemProxy */ = {
			isa = PBXContainerItemProxy;
			containerPortal = 17DDA7E31DE98C08008C7097 /* Project object */;
			proxyType = 1;
			remoteGlobalIDString = 17DDA7EA1DE98C08008C7097;
			remoteInfo = ShangPiniPad;
		};
/* End PBXContainerItemProxy section */

/* Begin PBXFileReference section */
		17DDA7EB1DE98C08008C7097 /* ShangPiniPad.app */ = {isa = PBXFileReference; explicitFileType = wrapper.application; includeInIndex = 0; path = ShangPiniPad.app; sourceTree = BUILT_PRODUCTS_DIR; };
		17DDA7EE1DE98C08008C7097 /* AppDelegate.swift */ = {isa = PBXFileReference; lastKnownFileType = sourcecode.swift; path = AppDelegate.swift; sourceTree = "<group>"; };
		17DDA7F01DE98C08008C7097 /* ViewController.swift */ = {isa = PBXFileReference; lastKnownFileType = sourcecode.swift; path = ViewController.swift; sourceTree = "<group>"; };
		17DDA7F31DE98C08008C7097 /* Base */ = {isa = PBXFileReference; lastKnownFileType = file.storyboard; name = Base; path = Base.lproj/Main.storyboard; sourceTree = "<group>"; };
		17DDA7F51DE98C08008C7097 /* Assets.xcassets */ = {isa = PBXFileReference; lastKnownFileType = folder.assetcatalog; path = Assets.xcassets; sourceTree = "<group>"; };
		17DDA7F81DE98C08008C7097 /* Base */ = {isa = PBXFileReference; lastKnownFileType = file.storyboard; name = Base; path = Base.lproj/LaunchScreen.storyboard; sourceTree = "<group>"; };
		17DDA7FA1DE98C08008C7097 /* Info.plist */ = {isa = PBXFileReference; lastKnownFileType = text.plist.xml; path = Info.plist; sourceTree = "<group>"; };
		17DDA7FF1DE98C08008C7097 /* ShangPiniPadTests.xctest */ = {isa = PBXFileReference; explicitFileType = wrapper.cfbundle; includeInIndex = 0; path = ShangPiniPadTests.xctest; sourceTree = BUILT_PRODUCTS_DIR; };
		17DDA8031DE98C08008C7097 /* ShangPiniPadTests.swift */ = {isa = PBXFileReference; lastKnownFileType = sourcecode.swift; path = ShangPiniPadTests.swift; sourceTree = "<group>"; };
		17DDA8051DE98C08008C7097 /* Info.plist */ = {isa = PBXFileReference; lastKnownFileType = text.plist.xml; path = Info.plist; sourceTree = "<group>"; };
		17DDA80A1DE98C08008C7097 /* ShangPiniPadUITests.xctest */ = {isa = PBXFileReference; explicitFileType = wrapper.cfbundle; includeInIndex = 0; path = ShangPiniPadUITests.xctest; sourceTree = BUILT_PRODUCTS_DIR; };
		17DDA80E1DE98C08008C7097 /* ShangPiniPadUITests.swift */ = {isa = PBXFileReference; lastKnownFileType = sourcecode.swift; path = ShangPiniPadUITests.swift; sourceTree = "<group>"; };
		17DDA8101DE98C08008C7097 /* Info.plist */ = {isa = PBXFileReference; lastKnownFileType = text.plist.xml; path = Info.plist; sourceTree = "<group>"; };
		17DDA81E1DE98D8D008C7097 /* SPRootTabBarViewController.swift */ = {isa = PBXFileReference; fileEncoding = 4; lastKnownFileType = sourcecode.swift; path = SPRootTabBarViewController.swift; sourceTree = "<group>"; };
		17DDA8381DF34A89008C7097 /* SPViewController.swift */ = {isa = PBXFileReference; fileEncoding = 4; lastKnownFileType = sourcecode.swift; path = SPViewController.swift; sourceTree = "<group>"; };
		17DDA83A1DF34ACB008C7097 /* SPMainPageViewController.swift */ = {isa = PBXFileReference; fileEncoding = 4; lastKnownFileType = sourcecode.swift; path = SPMainPageViewController.swift; sourceTree = "<group>"; };
		17DDA8491DF34C5D008C7097 /* SPCategoryViewController.swift */ = {isa = PBXFileReference; fileEncoding = 4; lastKnownFileType = sourcecode.swift; path = SPCategoryViewController.swift; sourceTree = "<group>"; };
		17DDA84D1DF34CD9008C7097 /* SPActivityViewController.swift */ = {isa = PBXFileReference; fileEncoding = 4; lastKnownFileType = sourcecode.swift; path = SPActivityViewController.swift; sourceTree = "<group>"; };
		17DDA8531DF34D3A008C7097 /* SPBrandViewController.swift */ = {isa = PBXFileReference; fileEncoding = 4; lastKnownFileType = sourcecode.swift; path = SPBrandViewController.swift; sourceTree = "<group>"; };
		17DDA8571DF34D6D008C7097 /* SPMineViewController.swift */ = {isa = PBXFileReference; fileEncoding = 4; lastKnownFileType = sourcecode.swift; path = SPMineViewController.swift; sourceTree = "<group>"; };
		17DDA8651DF357F1008C7097 /* SPMainPageCollectionViewCell.swift */ = {isa = PBXFileReference; fileEncoding = 4; lastKnownFileType = sourcecode.swift; path = SPMainPageCollectionViewCell.swift; sourceTree = "<group>"; };
		18864ED347CC0FFFC17F59CE /* Pods-ShangPiniPad.debug.xcconfig */ = {isa = PBXFileReference; includeInIndex = 1; lastKnownFileType = text.xcconfig; name = "Pods-ShangPiniPad.debug.xcconfig"; path = "Pods/Target Support Files/Pods-ShangPiniPad/Pods-ShangPiniPad.debug.xcconfig"; sourceTree = "<group>"; };
		262DD7288976D6E4BEB73011 /* Pods_ShangPiniPad.framework */ = {isa = PBXFileReference; explicitFileType = wrapper.framework; includeInIndex = 0; path = Pods_ShangPiniPad.framework; sourceTree = BUILT_PRODUCTS_DIR; };
		E811C9B653291CB711617975 /* Pods-ShangPiniPad.release.xcconfig */ = {isa = PBXFileReference; includeInIndex = 1; lastKnownFileType = text.xcconfig; name = "Pods-ShangPiniPad.release.xcconfig"; path = "Pods/Target Support Files/Pods-ShangPiniPad/Pods-ShangPiniPad.release.xcconfig"; sourceTree = "<group>"; };
/* End PBXFileReference section */

/* Begin PBXFrameworksBuildPhase section */
		17DDA7E81DE98C08008C7097 /* Frameworks */ = {
			isa = PBXFrameworksBuildPhase;
			buildActionMask = 2147483647;
			files = (
				C99CA8916532F3F7F6DE72DB /* Pods_ShangPiniPad.framework in Frameworks */,
			);
			runOnlyForDeploymentPostprocessing = 0;
		};
		17DDA7FC1DE98C08008C7097 /* Frameworks */ = {
			isa = PBXFrameworksBuildPhase;
			buildActionMask = 2147483647;
			files = (
			);
			runOnlyForDeploymentPostprocessing = 0;
		};
		17DDA8071DE98C08008C7097 /* Frameworks */ = {
			isa = PBXFrameworksBuildPhase;
			buildActionMask = 2147483647;
			files = (
			);
			runOnlyForDeploymentPostprocessing = 0;
		};
/* End PBXFrameworksBuildPhase section */

/* Begin PBXGroup section */
		17DDA7E21DE98C08008C7097 = {
			isa = PBXGroup;
			children = (
				17DDA7ED1DE98C08008C7097 /* ShangPiniPad */,
				17DDA8021DE98C08008C7097 /* ShangPiniPadTests */,
				17DDA80D1DE98C08008C7097 /* ShangPiniPadUITests */,
				17DDA7EC1DE98C08008C7097 /* Products */,
				DF135246BEF7B8AFA64818E4 /* Pods */,
				855CE85CA3486BD6B42F35FB /* Frameworks */,
			);
			sourceTree = "<group>";
		};
		17DDA7EC1DE98C08008C7097 /* Products */ = {
			isa = PBXGroup;
			children = (
				17DDA7EB1DE98C08008C7097 /* ShangPiniPad.app */,
				17DDA7FF1DE98C08008C7097 /* ShangPiniPadTests.xctest */,
				17DDA80A1DE98C08008C7097 /* ShangPiniPadUITests.xctest */,
			);
			name = Products;
			sourceTree = "<group>";
		};
		17DDA7ED1DE98C08008C7097 /* ShangPiniPad */ = {
			isa = PBXGroup;
			children = (
				17DDA8551DF34D57008C7097 /* MineViewController */,
				17DDA8501DF34D05008C7097 /* BrandViewController */,
				17DDA84B1DF34CAF008C7097 /* ActivityViewController */,
				17DDA8471DF34C30008C7097 /* CategoryViewController */,
				17DDA8361DF34A4D008C7097 /* MianViewController */,
				17DDA8381DF34A89008C7097 /* SPViewController.swift */,
				17DDA81E1DE98D8D008C7097 /* SPRootTabBarViewController.swift */,
				17DDA7EE1DE98C08008C7097 /* AppDelegate.swift */,
				17DDA7F01DE98C08008C7097 /* ViewController.swift */,
				17DDA7F21DE98C08008C7097 /* Main.storyboard */,
				17DDA7F51DE98C08008C7097 /* Assets.xcassets */,
				17DDA7F71DE98C08008C7097 /* LaunchScreen.storyboard */,
				17DDA7FA1DE98C08008C7097 /* Info.plist */,
			);
			path = ShangPiniPad;
			sourceTree = "<group>";
		};
		17DDA8021DE98C08008C7097 /* ShangPiniPadTests */ = {
			isa = PBXGroup;
			children = (
				17DDA8031DE98C08008C7097 /* ShangPiniPadTests.swift */,
				17DDA8051DE98C08008C7097 /* Info.plist */,
			);
			path = ShangPiniPadTests;
			sourceTree = "<group>";
		};
		17DDA80D1DE98C08008C7097 /* ShangPiniPadUITests */ = {
			isa = PBXGroup;
			children = (
				17DDA80E1DE98C08008C7097 /* ShangPiniPadUITests.swift */,
				17DDA8101DE98C08008C7097 /* Info.plist */,
			);
			path = ShangPiniPadUITests;
			sourceTree = "<group>";
		};
		17DDA8361DF34A4D008C7097 /* MianViewController */ = {
			isa = PBXGroup;
			children = (
				17DDA8641DF357D1008C7097 /* View */,
				17DDA8371DF34A5E008C7097 /* Controller */,
			);
			path = MianViewController;
			sourceTree = "<group>";
		};
		17DDA8371DF34A5E008C7097 /* Controller */ = {
			isa = PBXGroup;
			children = (
				17DDA83A1DF34ACB008C7097 /* SPMainPageViewController.swift */,
			);
			path = Controller;
			sourceTree = "<group>";
		};
		17DDA8471DF34C30008C7097 /* CategoryViewController */ = {
			isa = PBXGroup;
			children = (
				17DDA8481DF34C45008C7097 /* Controller */,
			);
			path = CategoryViewController;
			sourceTree = "<group>";
		};
		17DDA8481DF34C45008C7097 /* Controller */ = {
			isa = PBXGroup;
			children = (
				17DDA8491DF34C5D008C7097 /* SPCategoryViewController.swift */,
			);
			path = Controller;
			sourceTree = "<group>";
		};
		17DDA84B1DF34CAF008C7097 /* ActivityViewController */ = {
			isa = PBXGroup;
			children = (
				17DDA84C1DF34CBE008C7097 /* Controller */,
			);
			path = ActivityViewController;
			sourceTree = "<group>";
		};
		17DDA84C1DF34CBE008C7097 /* Controller */ = {
			isa = PBXGroup;
			children = (
				17DDA84D1DF34CD9008C7097 /* SPActivityViewController.swift */,
			);
			path = Controller;
			sourceTree = "<group>";
		};
		17DDA8501DF34D05008C7097 /* BrandViewController */ = {
			isa = PBXGroup;
			children = (
				17DDA8521DF34D2E008C7097 /* Controller */,
			);
			path = BrandViewController;
			sourceTree = "<group>";
		};
		17DDA8521DF34D2E008C7097 /* Controller */ = {
			isa = PBXGroup;
			children = (
				17DDA8531DF34D3A008C7097 /* SPBrandViewController.swift */,
			);
			path = Controller;
			sourceTree = "<group>";
		};
		17DDA8551DF34D57008C7097 /* MineViewController */ = {
			isa = PBXGroup;
			children = (
				17DDA8561DF34D64008C7097 /* Controller */,
			);
			path = MineViewController;
			sourceTree = "<group>";
		};
		17DDA8561DF34D64008C7097 /* Controller */ = {
			isa = PBXGroup;
			children = (
				17DDA8571DF34D6D008C7097 /* SPMineViewController.swift */,
			);
			path = Controller;
			sourceTree = "<group>";
		};
		17DDA8641DF357D1008C7097 /* View */ = {
			isa = PBXGroup;
			children = (
				17DDA8651DF357F1008C7097 /* SPMainPageCollectionViewCell.swift */,
			);
			path = View;
			sourceTree = "<group>";
		};
		855CE85CA3486BD6B42F35FB /* Frameworks */ = {
			isa = PBXGroup;
			children = (
				262DD7288976D6E4BEB73011 /* Pods_ShangPiniPad.framework */,
			);
			name = Frameworks;
			sourceTree = "<group>";
		};
		DF135246BEF7B8AFA64818E4 /* Pods */ = {
			isa = PBXGroup;
			children = (
				18864ED347CC0FFFC17F59CE /* Pods-ShangPiniPad.debug.xcconfig */,
				E811C9B653291CB711617975 /* Pods-ShangPiniPad.release.xcconfig */,
			);
			name = Pods;
			sourceTree = "<group>";
		};
/* End PBXGroup section */

/* Begin PBXNativeTarget section */
		17DDA7EA1DE98C08008C7097 /* ShangPiniPad */ = {
			isa = PBXNativeTarget;
			buildConfigurationList = 17DDA8131DE98C08008C7097 /* Build configuration list for PBXNativeTarget "ShangPiniPad" */;
			buildPhases = (
				45215EC2D636587A81014D03 /* [CP] Check Pods Manifest.lock */,
				17DDA7E71DE98C08008C7097 /* Sources */,
				17DDA7E81DE98C08008C7097 /* Frameworks */,
				17DDA7E91DE98C08008C7097 /* Resources */,
				F4B15B3B7E070C8244D1C58C /* [CP] Embed Pods Frameworks */,
				591F56D55ECE7DED74BDFD81 /* [CP] Copy Pods Resources */,
			);
			buildRules = (
			);
			dependencies = (
			);
			name = ShangPiniPad;
			productName = ShangPiniPad;
			productReference = 17DDA7EB1DE98C08008C7097 /* ShangPiniPad.app */;
			productType = "com.apple.product-type.application";
		};
		17DDA7FE1DE98C08008C7097 /* ShangPiniPadTests */ = {
			isa = PBXNativeTarget;
			buildConfigurationList = 17DDA8161DE98C08008C7097 /* Build configuration list for PBXNativeTarget "ShangPiniPadTests" */;
			buildPhases = (
				17DDA7FB1DE98C08008C7097 /* Sources */,
				17DDA7FC1DE98C08008C7097 /* Frameworks */,
				17DDA7FD1DE98C08008C7097 /* Resources */,
			);
			buildRules = (
			);
			dependencies = (
				17DDA8011DE98C08008C7097 /* PBXTargetDependency */,
			);
			name = ShangPiniPadTests;
			productName = ShangPiniPadTests;
			productReference = 17DDA7FF1DE98C08008C7097 /* ShangPiniPadTests.xctest */;
			productType = "com.apple.product-type.bundle.unit-test";
		};
		17DDA8091DE98C08008C7097 /* ShangPiniPadUITests */ = {
			isa = PBXNativeTarget;
			buildConfigurationList = 17DDA8191DE98C08008C7097 /* Build configuration list for PBXNativeTarget "ShangPiniPadUITests" */;
			buildPhases = (
				17DDA8061DE98C08008C7097 /* Sources */,
				17DDA8071DE98C08008C7097 /* Frameworks */,
				17DDA8081DE98C08008C7097 /* Resources */,
			);
			buildRules = (
			);
			dependencies = (
				17DDA80C1DE98C08008C7097 /* PBXTargetDependency */,
			);
			name = ShangPiniPadUITests;
			productName = ShangPiniPadUITests;
			productReference = 17DDA80A1DE98C08008C7097 /* ShangPiniPadUITests.xctest */;
			productType = "com.apple.product-type.bundle.ui-testing";
		};
/* End PBXNativeTarget section */

/* Begin PBXProject section */
		17DDA7E31DE98C08008C7097 /* Project object */ = {
			isa = PBXProject;
			attributes = {
				CLASSPREFIX = SP;
				LastSwiftUpdateCheck = 0810;
				LastUpgradeCheck = 0810;
				ORGANIZATIONNAME = je_ffy;
				TargetAttributes = {
					17DDA7EA1DE98C08008C7097 = {
						CreatedOnToolsVersion = 8.1;
						DevelopmentTeam = JKV7V4656F;
						ProvisioningStyle = Automatic;
					};
					17DDA7FE1DE98C08008C7097 = {
						CreatedOnToolsVersion = 8.1;
						DevelopmentTeam = JKV7V4656F;
						ProvisioningStyle = Automatic;
						TestTargetID = 17DDA7EA1DE98C08008C7097;
					};
					17DDA8091DE98C08008C7097 = {
						CreatedOnToolsVersion = 8.1;
						DevelopmentTeam = JKV7V4656F;
						ProvisioningStyle = Automatic;
						TestTargetID = 17DDA7EA1DE98C08008C7097;
					};
				};
			};
			buildConfigurationList = 17DDA7E61DE98C08008C7097 /* Build configuration list for PBXProject "ShangPiniPad" */;
			compatibilityVersion = "Xcode 3.2";
			developmentRegion = English;
			hasScannedForEncodings = 0;
			knownRegions = (
				en,
				Base,
			);
			mainGroup = 17DDA7E21DE98C08008C7097;
			productRefGroup = 17DDA7EC1DE98C08008C7097 /* Products */;
			projectDirPath = "";
			projectRoot = "";
			targets = (
				17DDA7EA1DE98C08008C7097 /* ShangPiniPad */,
				17DDA7FE1DE98C08008C7097 /* ShangPiniPadTests */,
				17DDA8091DE98C08008C7097 /* ShangPiniPadUITests */,
			);
		};
/* End PBXProject section */

/* Begin PBXResourcesBuildPhase section */
		17DDA7E91DE98C08008C7097 /* Resources */ = {
			isa = PBXResourcesBuildPhase;
			buildActionMask = 2147483647;
			files = (
				17DDA7F91DE98C08008C7097 /* LaunchScreen.storyboard in Resources */,
				17DDA7F61DE98C08008C7097 /* Assets.xcassets in Resources */,
				17DDA7F41DE98C08008C7097 /* Main.storyboard in Resources */,
			);
			runOnlyForDeploymentPostprocessing = 0;
		};
		17DDA7FD1DE98C08008C7097 /* Resources */ = {
			isa = PBXResourcesBuildPhase;
			buildActionMask = 2147483647;
			files = (
			);
			runOnlyForDeploymentPostprocessing = 0;
		};
		17DDA8081DE98C08008C7097 /* Resources */ = {
			isa = PBXResourcesBuildPhase;
			buildActionMask = 2147483647;
			files = (
			);
			runOnlyForDeploymentPostprocessing = 0;
		};
/* End PBXResourcesBuildPhase section */

/* Begin PBXShellScriptBuildPhase section */
		45215EC2D636587A81014D03 /* [CP] Check Pods Manifest.lock */ = {
			isa = PBXShellScriptBuildPhase;
			buildActionMask = 2147483647;
			files = (
			);
			inputPaths = (
			);
			name = "[CP] Check Pods Manifest.lock";
			outputPaths = (
			);
			runOnlyForDeploymentPostprocessing = 0;
			shellPath = /bin/sh;
			shellScript = "diff \"${PODS_ROOT}/../Podfile.lock\" \"${PODS_ROOT}/Manifest.lock\" > /dev/null\nif [ $? != 0 ] ; then\n    # print error to STDERR\n    echo \"error: The sandbox is not in sync with the Podfile.lock. Run 'pod install' or update your CocoaPods installation.\" >&2\n    exit 1\nfi\n";
			showEnvVarsInLog = 0;
		};
		591F56D55ECE7DED74BDFD81 /* [CP] Copy Pods Resources */ = {
			isa = PBXShellScriptBuildPhase;
			buildActionMask = 2147483647;
			files = (
			);
			inputPaths = (
			);
			name = "[CP] Copy Pods Resources";
			outputPaths = (
			);
			runOnlyForDeploymentPostprocessing = 0;
			shellPath = /bin/sh;
			shellScript = "\"${SRCROOT}/Pods/Target Support Files/Pods-ShangPiniPad/Pods-ShangPiniPad-resources.sh\"\n";
			showEnvVarsInLog = 0;
		};
		F4B15B3B7E070C8244D1C58C /* [CP] Embed Pods Frameworks */ = {
			isa = PBXShellScriptBuildPhase;
			buildActionMask = 2147483647;
			files = (
			);
			inputPaths = (
			);
			name = "[CP] Embed Pods Frameworks";
			outputPaths = (
			);
			runOnlyForDeploymentPostprocessing = 0;
			shellPath = /bin/sh;
			shellScript = "\"${SRCROOT}/Pods/Target Support Files/Pods-ShangPiniPad/Pods-ShangPiniPad-frameworks.sh\"\n";
			showEnvVarsInLog = 0;
		};
/* End PBXShellScriptBuildPhase section */

/* Begin PBXSourcesBuildPhase section */
		17DDA7E71DE98C08008C7097 /* Sources */ = {
			isa = PBXSourcesBuildPhase;
			buildActionMask = 2147483647;
			files = (
				17DDA81F1DE98D8D008C7097 /* SPRootTabBarViewController.swift in Sources */,
				17DDA84A1DF34C5D008C7097 /* SPCategoryViewController.swift in Sources */,
				17DDA7F11DE98C08008C7097 /* ViewController.swift in Sources */,
				17DDA7EF1DE98C08008C7097 /* AppDelegate.swift in Sources */,
				17DDA84E1DF34CD9008C7097 /* SPActivityViewController.swift in Sources */,
				17DDA8581DF34D6D008C7097 /* SPMineViewController.swift in Sources */,
				17DDA83B1DF34ACB008C7097 /* SPMainPageViewController.swift in Sources */,
				17DDA8391DF34A89008C7097 /* SPViewController.swift in Sources */,
				17DDA8541DF34D3A008C7097 /* SPBrandViewController.swift in Sources */,
				17DDA8661DF357F1008C7097 /* SPMainPageCollectionViewCell.swift in Sources */,
			);
			runOnlyForDeploymentPostprocessing = 0;
		};
		17DDA7FB1DE98C08008C7097 /* Sources */ = {
			isa = PBXSourcesBuildPhase;
			buildActionMask = 2147483647;
			files = (
				17DDA8041DE98C08008C7097 /* ShangPiniPadTests.swift in Sources */,
			);
			runOnlyForDeploymentPostprocessing = 0;
		};
		17DDA8061DE98C08008C7097 /* Sources */ = {
			isa = PBXSourcesBuildPhase;
			buildActionMask = 2147483647;
			files = (
				17DDA80F1DE98C08008C7097 /* ShangPiniPadUITests.swift in Sources */,
			);
			runOnlyForDeploymentPostprocessing = 0;
		};
/* End PBXSourcesBuildPhase section */

/* Begin PBXTargetDependency section */
		17DDA8011DE98C08008C7097 /* PBXTargetDependency */ = {
			isa = PBXTargetDependency;
			target = 17DDA7EA1DE98C08008C7097 /* ShangPiniPad */;
			targetProxy = 17DDA8001DE98C08008C7097 /* PBXContainerItemProxy */;
		};
		17DDA80C1DE98C08008C7097 /* PBXTargetDependency */ = {
			isa = PBXTargetDependency;
			target = 17DDA7EA1DE98C08008C7097 /* ShangPiniPad */;
			targetProxy = 17DDA80B1DE98C08008C7097 /* PBXContainerItemProxy */;
		};
/* End PBXTargetDependency section */

/* Begin PBXVariantGroup section */
		17DDA7F21DE98C08008C7097 /* Main.storyboard */ = {
			isa = PBXVariantGroup;
			children = (
				17DDA7F31DE98C08008C7097 /* Base */,
			);
			name = Main.storyboard;
			sourceTree = "<group>";
		};
		17DDA7F71DE98C08008C7097 /* LaunchScreen.storyboard */ = {
			isa = PBXVariantGroup;
			children = (
				17DDA7F81DE98C08008C7097 /* Base */,
			);
			name = LaunchScreen.storyboard;
			sourceTree = "<group>";
		};
/* End PBXVariantGroup section */

/* Begin XCBuildConfiguration section */
		17DDA8111DE98C08008C7097 /* Debug */ = {
			isa = XCBuildConfiguration;
			buildSettings = {
				ALWAYS_SEARCH_USER_PATHS = NO;
				CLANG_ANALYZER_NONNULL = YES;
				CLANG_CXX_LANGUAGE_STANDARD = "gnu++0x";
				CLANG_CXX_LIBRARY = "libc++";
				CLANG_ENABLE_MODULES = YES;
				CLANG_ENABLE_OBJC_ARC = YES;
				CLANG_WARN_BOOL_CONVERSION = YES;
				CLANG_WARN_CONSTANT_CONVERSION = YES;
				CLANG_WARN_DIRECT_OBJC_ISA_USAGE = YES_ERROR;
				CLANG_WARN_DOCUMENTATION_COMMENTS = YES;
				CLANG_WARN_EMPTY_BODY = YES;
				CLANG_WARN_ENUM_CONVERSION = YES;
				CLANG_WARN_INFINITE_RECURSION = YES;
				CLANG_WARN_INT_CONVERSION = YES;
				CLANG_WARN_OBJC_ROOT_CLASS = YES_ERROR;
				CLANG_WARN_SUSPICIOUS_MOVES = YES;
				CLANG_WARN_UNREACHABLE_CODE = YES;
				CLANG_WARN__DUPLICATE_METHOD_MATCH = YES;
				"CODE_SIGN_IDENTITY[sdk=iphoneos*]" = "iPhone Developer";
				COPY_PHASE_STRIP = NO;
				DEBUG_INFORMATION_FORMAT = dwarf;
				ENABLE_STRICT_OBJC_MSGSEND = YES;
				ENABLE_TESTABILITY = YES;
				GCC_C_LANGUAGE_STANDARD = gnu99;
				GCC_DYNAMIC_NO_PIC = NO;
				GCC_NO_COMMON_BLOCKS = YES;
				GCC_OPTIMIZATION_LEVEL = 0;
				GCC_PREPROCESSOR_DEFINITIONS = (
					"DEBUG=1",
					"$(inherited)",
				);
				GCC_WARN_64_TO_32_BIT_CONVERSION = YES;
				GCC_WARN_ABOUT_RETURN_TYPE = YES_ERROR;
				GCC_WARN_UNDECLARED_SELECTOR = YES;
				GCC_WARN_UNINITIALIZED_AUTOS = YES_AGGRESSIVE;
				GCC_WARN_UNUSED_FUNCTION = YES;
				GCC_WARN_UNUSED_VARIABLE = YES;
				IPHONEOS_DEPLOYMENT_TARGET = 10.1;
				MTL_ENABLE_DEBUG_INFO = YES;
				ONLY_ACTIVE_ARCH = YES;
				SDKROOT = iphoneos;
				SWIFT_ACTIVE_COMPILATION_CONDITIONS = DEBUG;
				SWIFT_OPTIMIZATION_LEVEL = "-Onone";
				TARGETED_DEVICE_FAMILY = 2;
			};
			name = Debug;
		};
		17DDA8121DE98C08008C7097 /* Release */ = {
			isa = XCBuildConfiguration;
			buildSettings = {
				ALWAYS_SEARCH_USER_PATHS = NO;
				CLANG_ANALYZER_NONNULL = YES;
				CLANG_CXX_LANGUAGE_STANDARD = "gnu++0x";
				CLANG_CXX_LIBRARY = "libc++";
				CLANG_ENABLE_MODULES = YES;
				CLANG_ENABLE_OBJC_ARC = YES;
				CLANG_WARN_BOOL_CONVERSION = YES;
				CLANG_WARN_CONSTANT_CONVERSION = YES;
				CLANG_WARN_DIRECT_OBJC_ISA_USAGE = YES_ERROR;
				CLANG_WARN_DOCUMENTATION_COMMENTS = YES;
				CLANG_WARN_EMPTY_BODY = YES;
				CLANG_WARN_ENUM_CONVERSION = YES;
				CLANG_WARN_INFINITE_RECURSION = YES;
				CLANG_WARN_INT_CONVERSION = YES;
				CLANG_WARN_OBJC_ROOT_CLASS = YES_ERROR;
				CLANG_WARN_SUSPICIOUS_MOVES = YES;
				CLANG_WARN_UNREACHABLE_CODE = YES;
				CLANG_WARN__DUPLICATE_METHOD_MATCH = YES;
				"CODE_SIGN_IDENTITY[sdk=iphoneos*]" = "iPhone Developer";
				COPY_PHASE_STRIP = NO;
				DEBUG_INFORMATION_FORMAT = "dwarf-with-dsym";
				ENABLE_NS_ASSERTIONS = NO;
				ENABLE_STRICT_OBJC_MSGSEND = YES;
				GCC_C_LANGUAGE_STANDARD = gnu99;
				GCC_NO_COMMON_BLOCKS = YES;
				GCC_WARN_64_TO_32_BIT_CONVERSION = YES;
				GCC_WARN_ABOUT_RETURN_TYPE = YES_ERROR;
				GCC_WARN_UNDECLARED_SELECTOR = YES;
				GCC_WARN_UNINITIALIZED_AUTOS = YES_AGGRESSIVE;
				GCC_WARN_UNUSED_FUNCTION = YES;
				GCC_WARN_UNUSED_VARIABLE = YES;
				IPHONEOS_DEPLOYMENT_TARGET = 10.1;
				MTL_ENABLE_DEBUG_INFO = NO;
				SDKROOT = iphoneos;
				SWIFT_OPTIMIZATION_LEVEL = "-Owholemodule";
				TARGETED_DEVICE_FAMILY = 2;
				VALIDATE_PRODUCT = YES;
			};
			name = Release;
		};
		17DDA8141DE98C08008C7097 /* Debug */ = {
			isa = XCBuildConfiguration;
			baseConfigurationReference = 18864ED347CC0FFFC17F59CE /* Pods-ShangPiniPad.debug.xcconfig */;
			buildSettings = {
				ASSETCATALOG_COMPILER_APPICON_NAME = AppIcon;
				DEVELOPMENT_TEAM = JKV7V4656F;
				INFOPLIST_FILE = ShangPiniPad/Info.plist;
				LD_RUNPATH_SEARCH_PATHS = "$(inherited) @executable_path/Frameworks";
				PRODUCT_BUNDLE_IDENTIFIER = com.shangpin.ShangPiniPad;
				PRODUCT_NAME = "$(TARGET_NAME)";
				SWIFT_VERSION = 3.0;
			};
			name = Debug;
		};
		17DDA8151DE98C08008C7097 /* Release */ = {
			isa = XCBuildConfiguration;
			baseConfigurationReference = E811C9B653291CB711617975 /* Pods-ShangPiniPad.release.xcconfig */;
			buildSettings = {
				ASSETCATALOG_COMPILER_APPICON_NAME = AppIcon;
				DEVELOPMENT_TEAM = JKV7V4656F;
				INFOPLIST_FILE = ShangPiniPad/Info.plist;
				LD_RUNPATH_SEARCH_PATHS = "$(inherited) @executable_path/Frameworks";
				PRODUCT_BUNDLE_IDENTIFIER = com.shangpin.ShangPiniPad;
				PRODUCT_NAME = "$(TARGET_NAME)";
				SWIFT_VERSION = 3.0;
			};
			name = Release;
		};
		17DDA8171DE98C08008C7097 /* Debug */ = {
			isa = XCBuildConfiguration;
			buildSettings = {
				ALWAYS_EMBED_SWIFT_STANDARD_LIBRARIES = YES;
				BUNDLE_LOADER = "$(TEST_HOST)";
				DEVELOPMENT_TEAM = JKV7V4656F;
				INFOPLIST_FILE = ShangPiniPadTests/Info.plist;
				LD_RUNPATH_SEARCH_PATHS = "$(inherited) @executable_path/Frameworks @loader_path/Frameworks";
				PRODUCT_BUNDLE_IDENTIFIER = com.shangpin.ShangPiniPadTests;
				PRODUCT_NAME = "$(TARGET_NAME)";
				SWIFT_VERSION = 3.0;
				TEST_HOST = "$(BUILT_PRODUCTS_DIR)/ShangPiniPad.app/ShangPiniPad";
			};
			name = Debug;
		};
		17DDA8181DE98C08008C7097 /* Release */ = {
			isa = XCBuildConfiguration;
			buildSettings = {
				ALWAYS_EMBED_SWIFT_STANDARD_LIBRARIES = YES;
				BUNDLE_LOADER = "$(TEST_HOST)";
				DEVELOPMENT_TEAM = JKV7V4656F;
				INFOPLIST_FILE = ShangPiniPadTests/Info.plist;
				LD_RUNPATH_SEARCH_PATHS = "$(inherited) @executable_path/Frameworks @loader_path/Frameworks";
				PRODUCT_BUNDLE_IDENTIFIER = com.shangpin.ShangPiniPadTests;
				PRODUCT_NAME = "$(TARGET_NAME)";
				SWIFT_VERSION = 3.0;
				TEST_HOST = "$(BUILT_PRODUCTS_DIR)/ShangPiniPad.app/ShangPiniPad";
			};
			name = Release;
		};
		17DDA81A1DE98C08008C7097 /* Debug */ = {
			isa = XCBuildConfiguration;
			buildSettings = {
				ALWAYS_EMBED_SWIFT_STANDARD_LIBRARIES = YES;
				DEVELOPMENT_TEAM = JKV7V4656F;
				INFOPLIST_FILE = ShangPiniPadUITests/Info.plist;
				LD_RUNPATH_SEARCH_PATHS = "$(inherited) @executable_path/Frameworks @loader_path/Frameworks";
				PRODUCT_BUNDLE_IDENTIFIER = com.shangpin.ShangPiniPadUITests;
				PRODUCT_NAME = "$(TARGET_NAME)";
				SWIFT_VERSION = 3.0;
				TEST_TARGET_NAME = ShangPiniPad;
			};
			name = Debug;
		};
		17DDA81B1DE98C08008C7097 /* Release */ = {
			isa = XCBuildConfiguration;
			buildSettings = {
				ALWAYS_EMBED_SWIFT_STANDARD_LIBRARIES = YES;
				DEVELOPMENT_TEAM = JKV7V4656F;
				INFOPLIST_FILE = ShangPiniPadUITests/Info.plist;
				LD_RUNPATH_SEARCH_PATHS = "$(inherited) @executable_path/Frameworks @loader_path/Frameworks";
				PRODUCT_BUNDLE_IDENTIFIER = com.shangpin.ShangPiniPadUITests;
				PRODUCT_NAME = "$(TARGET_NAME)";
				SWIFT_VERSION = 3.0;
				TEST_TARGET_NAME = ShangPiniPad;
			};
			name = Release;
		};
/* End XCBuildConfiguration section */

/* Begin XCConfigurationList section */
		17DDA7E61DE98C08008C7097 /* Build configuration list for PBXProject "ShangPiniPad" */ = {
			isa = XCConfigurationList;
			buildConfigurations = (
				17DDA8111DE98C08008C7097 /* Debug */,
				17DDA8121DE98C08008C7097 /* Release */,
			);
			defaultConfigurationIsVisible = 0;
			defaultConfigurationName = Release;
		};
		17DDA8131DE98C08008C7097 /* Build configuration list for PBXNativeTarget "ShangPiniPad" */ = {
			isa = XCConfigurationList;
			buildConfigurations = (
				17DDA8141DE98C08008C7097 /* Debug */,
				17DDA8151DE98C08008C7097 /* Release */,
			);
			defaultConfigurationIsVisible = 0;
			defaultConfigurationName = Release;
		};
		17DDA8161DE98C08008C7097 /* Build configuration list for PBXNativeTarget "ShangPiniPadTests" */ = {
			isa = XCConfigurationList;
			buildConfigurations = (
				17DDA8171DE98C08008C7097 /* Debug */,
				17DDA8181DE98C08008C7097 /* Release */,
			);
			defaultConfigurationIsVisible = 0;
			defaultConfigurationName = Release;
		};
		17DDA8191DE98C08008C7097 /* Build configuration list for PBXNativeTarget "ShangPiniPadUITests" */ = {
			isa = XCConfigurationList;
			buildConfigurations = (
				17DDA81A1DE98C08008C7097 /* Debug */,
				17DDA81B1DE98C08008C7097 /* Release */,
			);
			defaultConfigurationIsVisible = 0;
			defaultConfigurationName = Release;
		};
/* End XCConfigurationList section */
	};
	rootObject = 17DDA7E31DE98C08008C7097 /* Project object */;
}
